
Microsoft Visual Studio Solution File, Format Version 12.00
# Visual Studio Version 16
VisualStudioVersion = 16.0.31105.61
MinimumVisualStudioVersion = 10.0.40219.1
Project("{FAE04EC0-301F-11D3-BF4B-00C04F79EFBC}") = "FileManager", "FileManager\FileManager.csproj", "{EEA6C838-B2D8-4B98-8A30-9F2161148E7D}"
EndProject
Global
	GlobalSection(SolutionConfigurationPlatforms) = preSolution
		Debug|Any CPU = Debug|Any CPU
		Release|Any CPU = Release|Any CPU
	EndGlobalSection
	GlobalSection(ProjectConfigurationPlatforms) = postSolution
		{EEA6C838-B2D8-4B98-8A30-9F2161148E7D}.Debug|Any CPU.ActiveCfg = Debug|Any CPU
		{EEA6C838-B2D8-4B98-8A30-9F2161148E7D}.Debug|Any CPU.Build.0 = Debug|Any CPU
		{EEA6C838-B2D8-4B98-8A30-9F2161148E7D}.Release|Any CPU.ActiveCfg = Release|Any CPU
		{EEA6C838-B2D8-4B98-8A30-9F2161148E7D}.Release|Any CPU.Build.0 = Release|Any CPU
	EndGlobalSection
	GlobalSection(SolutionProperties) = preSolution
		HideSolutionNode = FALSE
	EndGlobalSection
	GlobalSection(ExtensibilityGlobals) = postSolution
		SolutionGuid = {78DDCA80-9301-44DA-AF05-D7E759D89F07}
	EndGlobalSection
EndGlobal
